// !$*UTF8*$!
{
	archiveVersion = 1;
	classes = {
	};
	objectVersion = 46;
	objects = {

/* Begin PBXBuildFile section */
		D50500021E803C4D00C8CF91 /* Main.storyboard in Resources */ = {isa = PBXBuildFile; fileRef = D50500001E803C4D00C8CF91 /* Main.storyboard */; };
		D50500041E803C4D00C8CF91 /* Assets.xcassets in Resources */ = {isa = PBXBuildFile; fileRef = D50500031E803C4D00C8CF91 /* Assets.xcassets */; };
		D50500071E803C4D00C8CF91 /* LaunchScreen.storyboard in Resources */ = {isa = PBXBuildFile; fileRef = D50500051E803C4D00C8CF91 /* LaunchScreen.storyboard */; };
		D505FFFD1E803C4D00C8CF91 /* AppDelegate.swift in Sources */ = {isa = PBXBuildFile; fileRef = D505FFFC1E803C4D00C8CF91 /* AppDelegate.swift */; };
		D505FFFF1E803C4D00C8CF91 /* ViewController.swift in Sources */ = {isa = PBXBuildFile; fileRef = D505FFFE1E803C4D00C8CF91 /* ViewController.swift */; };
/* End PBXBuildFile section */

/* Begin PBXFileReference section */
		D50500011E803C4D00C8CF91 /* Base */ = {isa = PBXFileReference; lastKnownFileType = file.storyboard; name = Base; path = Base.lproj/Main.storyboard; sourceTree = "<group>"; };
		D50500031E803C4D00C8CF91 /* Assets.xcassets */ = {isa = PBXFileReference; lastKnownFileType = folder.assetcatalog; path = Assets.xcassets; sourceTree = "<group>"; };
		D50500061E803C4D00C8CF91 /* Base */ = {isa = PBXFileReference; lastKnownFileType = file.storyboard; name = Base; path = Base.lproj/LaunchScreen.storyboard; sourceTree = "<group>"; };
		D50500081E803C4D00C8CF91 /* Info.plist */ = {isa = PBXFileReference; lastKnownFileType = text.plist.xml; path = Info.plist; sourceTree = "<group>"; };
		D505FFF91E803C4C00C8CF91 /* Social.me.app */ = {isa = PBXFileReference; explicitFileType = wrapper.application; includeInIndex = 0; path = Social.me.app; sourceTree = BUILT_PRODUCTS_DIR; };
		D505FFFC1E803C4D00C8CF91 /* AppDelegate.swift */ = {isa = PBXFileReference; lastKnownFileType = sourcecode.swift; path = AppDelegate.swift; sourceTree = "<group>"; };
		D505FFFE1E803C4D00C8CF91 /* ViewController.swift */ = {isa = PBXFileReference; lastKnownFileType = sourcecode.swift; path = ViewController.swift; sourceTree = "<group>"; };
/* End PBXFileReference section */

/* Begin PBXFrameworksBuildPhase section */
		D505FFF61E803C4C00C8CF91 /* Frameworks */ = {
			isa = PBXFrameworksBuildPhase;
			buildActionMask = 2147483647;
			files = (
			);
			runOnlyForDeploymentPostprocessing = 0;
		};
/* End PBXFrameworksBuildPhase section */

/* Begin PBXGroup section */
		D505FFF01E803C4C00C8CF91 = {
			isa = PBXGroup;
			children = (
				D505FFFB1E803C4D00C8CF91 /* Social.me */,
				D505FFFA1E803C4C00C8CF91 /* Products */,
			);
			sourceTree = "<group>";
		};
		D505FFFA1E803C4C00C8CF91 /* Products */ = {
			isa = PBXGroup;
			children = (
				D505FFF91E803C4C00C8CF91 /* Social.me.app */,
			);
			name = Products;
			sourceTree = "<group>";
		};
		D505FFFB1E803C4D00C8CF91 /* Social.me */ = {
			isa = PBXGroup;
			children = (
				D505FFFC1E803C4D00C8CF91 /* AppDelegate.swift */,
				D505FFFE1E803C4D00C8CF91 /* ViewController.swift */,
				D50500001E803C4D00C8CF91 /* Main.storyboard */,
				D50500031E803C4D00C8CF91 /* Assets.xcassets */,
				D50500051E803C4D00C8CF91 /* LaunchScreen.storyboard */,
				D50500081E803C4D00C8CF91 /* Info.plist */,
			);
			path = Social.me;
			sourceTree = "<group>";
		};
/* End PBXGroup section */

/* Begin PBXNativeTarget section */
		D505FFF81E803C4C00C8CF91 /* Social.me */ = {
			isa = PBXNativeTarget;
			buildConfigurationList = D505000B1E803C4D00C8CF91 /* Build configuration list for PBXNativeTarget "Social.me" */;
			buildPhases = (
				D505FFF51E803C4C00C8CF91 /* Sources */,
				D505FFF61E803C4C00C8CF91 /* Frameworks */,
				D505FFF71E803C4C00C8CF91 /* Resources */,
			);
			buildRules = (
			);
			dependencies = (
			);
			name = Social.me;
			productName = Social.me;
			productReference = D505FFF91E803C4C00C8CF91 /* Social.me.app */;
			productType = "com.apple.product-type.application";
		};
/* End PBXNativeTarget section */

/* Begin PBXProject section */
		D505FFF11E803C4C00C8CF91 /* Project object */ = {
			isa = PBXProject;
			attributes = {
				LastSwiftUpdateCheck = 0820;
				LastUpgradeCheck = 0820;
				ORGANIZATIONNAME = Italyte;
				TargetAttributes = {
					D505FFF81E803C4C00C8CF91 = {
						CreatedOnToolsVersion = 8.2.1;
						DevelopmentTeam = QG9HYMA775;
						ProvisioningStyle = Automatic;
					};
				};
			};
			buildConfigurationList = D505FFF41E803C4C00C8CF91 /* Build configuration list for PBXProject "Social.me" */;
			compatibilityVersion = "Xcode 3.2";
			developmentRegion = English;
			hasScannedForEncodings = 0;
			knownRegions = (
				en,
				Base,
			);
			mainGroup = D505FFF01E803C4C00C8CF91;
			productRefGroup = D505FFFA1E803C4C00C8CF91 /* Products */;
			projectDirPath = "";
			projectRoot = "";
			targets = (
				D505FFF81E803C4C00C8CF91 /* Social.me */,
			);
		};
/* End PBXProject section */

/* Begin PBXResourcesBuildPhase section */
		D505FFF71E803C4C00C8CF91 /* Resources */ = {
			isa = PBXResourcesBuildPhase;
			buildActionMask = 2147483647;
			files = (
				D50500071E803C4D00C8CF91 /* LaunchScreen.storyboard in Resources */,
				D50500041E803C4D00C8CF91 /* Assets.xcassets in Resources */,
				D50500021E803C4D00C8CF91 /* Main.storyboard in Resources */,
			);
			runOnlyForDeploymentPostprocessing = 0;
		};
/* End PBXResourcesBuildPhase section */

/* Begin PBXSourcesBuildPhase section */
		D505FFF51E803C4C00C8CF91 /* Sources */ = {
			isa = PBXSourcesBuildPhase;
			buildActionMask = 2147483647;
			files = (
				D505FFFF1E803C4D00C8CF91 /* ViewController.swift in Sources */,
				D505FFFD1E803C4D00C8CF91 /* AppDelegate.swift in Sources */,
			);
			runOnlyForDeploymentPostprocessing = 0;
		};
/* End PBXSourcesBuildPhase section */

/* Begin PBXVariantGroup section */
		D50500001E803C4D00C8CF91 /* Main.storyboard */ = {
			isa = PBXVariantGroup;
			children = (
				D50500011E803C4D00C8CF91 /* Base */,
			);
			name = Main.storyboard;
			sourceTree = "<group>";
		};
		D50500051E803C4D00C8CF91 /* LaunchScreen.storyboard */ = {
			isa = PBXVariantGroup;
			children = (
				D50500061E803C4D00C8CF91 /* Base */,
			);
			name = LaunchScreen.storyboard;
			sourceTree = "<group>";
		};
/* End PBXVariantGroup section */

/* Begin XCBuildConfiguration section */
		D50500091E803C4D00C8CF91 /* Debug */ = {
			isa = XCBuildConfiguration;
			buildSettings = {
				ALWAYS_SEARCH_USER_PATHS = NO;
				CLANG_ANALYZER_NONNULL = YES;
				CLANG_CXX_LANGUAGE_STANDARD = "gnu++0x";
				CLANG_CXX_LIBRARY = "libc++";
				CLANG_ENABLE_MODULES = YES;
				CLANG_ENABLE_OBJC_ARC = YES;
				CLANG_WARN_BOOL_CONVERSION = YES;
				CLANG_WARN_CONSTANT_CONVERSION = YES;
				CLANG_WARN_DIRECT_OBJC_ISA_USAGE = YES_ERROR;
				CLANG_WARN_DOCUMENTATION_COMMENTS = YES;
				CLANG_WARN_EMPTY_BODY = YES;
				CLANG_WARN_ENUM_CONVERSION = YES;
				CLANG_WARN_INFINITE_RECURSION = YES;
				CLANG_WARN_INT_CONVERSION = YES;
				CLANG_WARN_OBJC_ROOT_CLASS = YES_ERROR;
				CLANG_WARN_SUSPICIOUS_MOVE = YES;
				CLANG_WARN_UNREACHABLE_CODE = YES;
				CLANG_WARN__DUPLICATE_METHOD_MATCH = YES;
				"CODE_SIGN_IDENTITY[sdk=iphoneos*]" = "iPhone Developer";
				COPY_PHASE_STRIP = NO;
				DEBUG_INFORMATION_FORMAT = dwarf;
				ENABLE_STRICT_OBJC_MSGSEND = YES;
				ENABLE_TESTABILITY = YES;
				GCC_C_LANGUAGE_STANDARD = gnu99;
				GCC_DYNAMIC_NO_PIC = NO;
				GCC_NO_COMMON_BLOCKS = YES;
				GCC_OPTIMIZATION_LEVEL = 0;
				GCC_PREPROCESSOR_DEFINITIONS = (
					"DEBUG=1",
					"$(inherited)",
				);
				GCC_WARN_64_TO_32_BIT_CONVERSION = YES;
				GCC_WARN_ABOUT_RETURN_TYPE = YES_ERROR;
				GCC_WARN_UNDECLARED_SELECTOR = YES;
				GCC_WARN_UNINITIALIZED_AUTOS = YES_AGGRESSIVE;
				GCC_WARN_UNUSED_FUNCTION = YES;
				GCC_WARN_UNUSED_VARIABLE = YES;
				IPHONEOS_DEPLOYMENT_TARGET = 10.2;
				MTL_ENABLE_DEBUG_INFO = YES;
				ONLY_ACTIVE_ARCH = YES;
				SDKROOT = iphoneos;
				SWIFT_ACTIVE_COMPILATION_CONDITIONS = DEBUG;
				SWIFT_OPTIMIZATION_LEVEL = "-Onone";
				TARGETED_DEVICE_FAMILY = "1,2";
			};
			name = Debug;
		};
		D505000A1E803C4D00C8CF91 /* Release */ = {
			isa = XCBuildConfiguration;
			buildSettings = {
				ALWAYS_SEARCH_USER_PATHS = NO;
				CLANG_ANALYZER_NONNULL = YES;
				CLANG_CXX_LANGUAGE_STANDARD = "gnu++0x";
				CLANG_CXX_LIBRARY = "libc++";
				CLANG_ENABLE_MODULES = YES;
				CLANG_ENABLE_OBJC_ARC = YES;
				CLANG_WARN_BOOL_CONVERSION = YES;
				CLANG_WARN_CONSTANT_CONVERSION = YES;
				CLANG_WARN_DIRECT_OBJC_ISA_USAGE = YES_ERROR;
				CLANG_WARN_DOCUMENTATION_COMMENTS = YES;
				CLANG_WARN_EMPTY_BODY = YES;
				CLANG_WARN_ENUM_CONVERSION = YES;
				CLANG_WARN_INFINITE_RECURSION = YES;
				CLANG_WARN_INT_CONVERSION = YES;
				CLANG_WARN_OBJC_ROOT_CLASS = YES_ERROR;
				CLANG_WARN_SUSPICIOUS_MOVE = YES;
				CLANG_WARN_UNREACHABLE_CODE = YES;
				CLANG_WARN__DUPLICATE_METHOD_MATCH = YES;
				"CODE_SIGN_IDENTITY[sdk=iphoneos*]" = "iPhone Developer";
				COPY_PHASE_STRIP = NO;
				DEBUG_INFORMATION_FORMAT = "dwarf-with-dsym";
				ENABLE_NS_ASSERTIONS = NO;
				ENABLE_STRICT_OBJC_MSGSEND = YES;
				GCC_C_LANGUAGE_STANDARD = gnu99;
				GCC_NO_COMMON_BLOCKS = YES;
				GCC_WARN_64_TO_32_BIT_CONVERSION = YES;
				GCC_WARN_ABOUT_RETURN_TYPE = YES_ERROR;
				GCC_WARN_UNDECLARED_SELECTOR = YES;
				GCC_WARN_UNINITIALIZED_AUTOS = YES_AGGRESSIVE;
				GCC_WARN_UNUSED_FUNCTION = YES;
				GCC_WARN_UNUSED_VARIABLE = YES;
				IPHONEOS_DEPLOYMENT_TARGET = 10.2;
				MTL_ENABLE_DEBUG_INFO = NO;
				SDKROOT = iphoneos;
				SWIFT_OPTIMIZATION_LEVEL = "-Owholemodule";
				TARGETED_DEVICE_FAMILY = "1,2";
				VALIDATE_PRODUCT = YES;
			};
			name = Release;
		};
		D505000C1E803C4D00C8CF91 /* Debug */ = {
			isa = XCBuildConfiguration;
			buildSettings = {
				ASSETCATALOG_COMPILER_APPICON_NAME = AppIcon;
				DEVELOPMENT_TEAM = QG9HYMA775;
				INFOPLIST_FILE = Social.me/Info.plist;
				LD_RUNPATH_SEARCH_PATHS = "$(inherited) @executable_path/Frameworks";
				PRODUCT_BUNDLE_IDENTIFIER = "com.italytes.Social-me";
				PRODUCT_NAME = "$(TARGET_NAME)";
				SWIFT_VERSION = 3.0;
			};
			name = Debug;
		};
		D505000D1E803C4D00C8CF91 /* Release */ = {
			isa = XCBuildConfiguration;
			buildSettings = {
				ASSETCATALOG_COMPILER_APPICON_NAME = AppIcon;
				DEVELOPMENT_TEAM = QG9HYMA775;
				INFOPLIST_FILE = Social.me/Info.plist;
				LD_RUNPATH_SEARCH_PATHS = "$(inherited) @executable_path/Frameworks";
				PRODUCT_BUNDLE_IDENTIFIER = "com.italytes.Social-me";
				PRODUCT_NAME = "$(TARGET_NAME)";
				SWIFT_VERSION = 3.0;
			};
			name = Release;
		};
/* End XCBuildConfiguration section */

/* Begin XCConfigurationList section */
		D505000B1E803C4D00C8CF91 /* Build configuration list for PBXNativeTarget "Social.me" */ = {
			isa = XCConfigurationList;
			buildConfigurations = (
				D505000C1E803C4D00C8CF91 /* Debug */,
				D505000D1E803C4D00C8CF91 /* Release */,
			);
			defaultConfigurationIsVisible = 0;
		};
		D505FFF41E803C4C00C8CF91 /* Build configuration list for PBXProject "Social.me" */ = {
			isa = XCConfigurationList;
			buildConfigurations = (
				D50500091E803C4D00C8CF91 /* Debug */,
				D505000A1E803C4D00C8CF91 /* Release */,
			);
			defaultConfigurationIsVisible = 0;
			defaultConfigurationName = Release;
		};
/* End XCConfigurationList section */
	};
	rootObject = D505FFF11E803C4C00C8CF91 /* Project object */;
}
